
Microsoft Visual Studio Solution File, Format Version 12.00
# Visual Studio Version 16
VisualStudioVersion = 16.0.30611.23
MinimumVisualStudioVersion = 10.0.40219.1
Project("{9A19103F-16F7-4668-BE54-9A1E7A4F7556}") = "cSharpPractice", "cSharpPractice\cSharpPractice.csproj", "{41F7614B-3202-4109-A3AC-78FEB07EDD4C}"
EndProject
Project("{FAE04EC0-301F-11D3-BF4B-00C04F79EFBC}") = "test", "test\test.csproj", "{B699EC14-888D-4C3B-987C-1AC70998761D}"
EndProject
Global
	GlobalSection(SolutionConfigurationPlatforms) = preSolution
		Debug|Any CPU = Debug|Any CPU
		Release|Any CPU = Release|Any CPU
	EndGlobalSection
	GlobalSection(ProjectConfigurationPlatforms) = postSolution
		{41F7614B-3202-4109-A3AC-78FEB07EDD4C}.Debug|Any CPU.ActiveCfg = Debug|Any CPU
		{41F7614B-3202-4109-A3AC-78FEB07EDD4C}.Debug|Any CPU.Build.0 = Debug|Any CPU
		{41F7614B-3202-4109-A3AC-78FEB07EDD4C}.Release|Any CPU.ActiveCfg = Release|Any CPU
		{41F7614B-3202-4109-A3AC-78FEB07EDD4C}.Release|Any CPU.Build.0 = Release|Any CPU
		{B699EC14-888D-4C3B-987C-1AC70998761D}.Debug|Any CPU.ActiveCfg = Debug|Any CPU
		{B699EC14-888D-4C3B-987C-1AC70998761D}.Debug|Any CPU.Build.0 = Debug|Any CPU
		{B699EC14-888D-4C3B-987C-1AC70998761D}.Release|Any CPU.ActiveCfg = Release|Any CPU
		{B699EC14-888D-4C3B-987C-1AC70998761D}.Release|Any CPU.Build.0 = Release|Any CPU
	EndGlobalSection
	GlobalSection(SolutionProperties) = preSolution
		HideSolutionNode = FALSE
	EndGlobalSection
	GlobalSection(ExtensibilityGlobals) = postSolution
		SolutionGuid = {6248A34F-D574-402A-BF76-BAB910ED9E5F}
	EndGlobalSection
EndGlobal
